
Microsoft Visual Studio Solution File, Format Version 12.00
# Visual Studio Version 16
VisualStudioVersion = 16.0.29806.167
MinimumVisualStudioVersion = 10.0.40219.1
Project("{FAE04EC0-301F-11D3-BF4B-00C04F79EFBC}") = "MyGarden.Android", "MyGarden\MyGarden.Android\MyGarden.Android.csproj", "{813EC730-3701-4EE5-9442-446A01297541}"
EndProject
Project("{FAE04EC0-301F-11D3-BF4B-00C04F79EFBC}") = "MyGarden.iOS", "MyGarden\MyGarden.iOS\MyGarden.iOS.csproj", "{6BEA96AD-FC39-46DA-A1E5-08000C775959}"
EndProject
Project("{FAE04EC0-301F-11D3-BF4B-00C04F79EFBC}") = "MyGarden", "MyGarden\MyGarden\MyGarden.csproj", "{62E08AA5-4A5D-4A6E-B1C8-61301054CB11}"
EndProject
Global
	GlobalSection(SolutionConfigurationPlatforms) = preSolution
		Debug|Any CPU = Debug|Any CPU
		Debug|iPhone = Debug|iPhone
		Debug|iPhoneSimulator = Debug|iPhoneSimulator
		Release|Any CPU = Release|Any CPU
		Release|iPhone = Release|iPhone
		Release|iPhoneSimulator = Release|iPhoneSimulator
	EndGlobalSection
	GlobalSection(ProjectConfigurationPlatforms) = postSolution
		{813EC730-3701-4EE5-9442-446A01297541}.Debug|Any CPU.ActiveCfg = Debug|Any CPU
		{813EC730-3701-4EE5-9442-446A01297541}.Debug|Any CPU.Build.0 = Debug|Any CPU
		{813EC730-3701-4EE5-9442-446A01297541}.Debug|Any CPU.Deploy.0 = Debug|Any CPU
		{813EC730-3701-4EE5-9442-446A01297541}.Debug|iPhone.ActiveCfg = Debug|Any CPU
		{813EC730-3701-4EE5-9442-446A01297541}.Debug|iPhone.Build.0 = Debug|Any CPU
		{813EC730-3701-4EE5-9442-446A01297541}.Debug|iPhone.Deploy.0 = Debug|Any CPU
		{813EC730-3701-4EE5-9442-446A01297541}.Debug|iPhoneSimulator.ActiveCfg = Debug|Any CPU
		{813EC730-3701-4EE5-9442-446A01297541}.Debug|iPhoneSimulator.Build.0 = Debug|Any CPU
		{813EC730-3701-4EE5-9442-446A01297541}.Debug|iPhoneSimulator.Deploy.0 = Debug|Any CPU
		{813EC730-3701-4EE5-9442-446A01297541}.Release|Any CPU.ActiveCfg = Release|Any CPU
		{813EC730-3701-4EE5-9442-446A01297541}.Release|Any CPU.Build.0 = Release|Any CPU
		{813EC730-3701-4EE5-9442-446A01297541}.Release|Any CPU.Deploy.0 = Release|Any CPU
		{813EC730-3701-4EE5-9442-446A01297541}.Release|iPhone.ActiveCfg = Release|Any CPU
		{813EC730-3701-4EE5-9442-446A01297541}.Release|iPhone.Build.0 = Release|Any CPU
		{813EC730-3701-4EE5-9442-446A01297541}.Release|iPhone.Deploy.0 = Release|Any CPU
		{813EC730-3701-4EE5-9442-446A01297541}.Release|iPhoneSimulator.ActiveCfg = Release|Any CPU
		{813EC730-3701-4EE5-9442-446A01297541}.Release|iPhoneSimulator.Build.0 = Release|Any CPU
		{813EC730-3701-4EE5-9442-446A01297541}.Release|iPhoneSimulator.Deploy.0 = Release|Any CPU
		{6BEA96AD-FC39-46DA-A1E5-08000C775959}.Debug|Any CPU.ActiveCfg = Debug|iPhoneSimulator
		{6BEA96AD-FC39-46DA-A1E5-08000C775959}.Debug|Any CPU.Build.0 = Debug|iPhoneSimulator
		{6BEA96AD-FC39-46DA-A1E5-08000C775959}.Debug|Any CPU.Deploy.0 = Debug|iPhoneSimulator
		{6BEA96AD-FC39-46DA-A1E5-08000C775959}.Debug|iPhone.ActiveCfg = Debug|iPhone
		{6BEA96AD-FC39-46DA-A1E5-08000C775959}.Debug|iPhone.Build.0 = Debug|iPhone
		{6BEA96AD-FC39-46DA-A1E5-08000C775959}.Debug|iPhone.Deploy.0 = Debug|iPhone
		{6BEA96AD-FC39-46DA-A1E5-08000C775959}.Debug|iPhoneSimulator.ActiveCfg = Debug|iPhoneSimulator
		{6BEA96AD-FC39-46DA-A1E5-08000C775959}.Debug|iPhoneSimulator.Build.0 = Debug|iPhoneSimulator
		{6BEA96AD-FC39-46DA-A1E5-08000C775959}.Debug|iPhoneSimulator.Deploy.0 = Debug|iPhoneSimulator
		{6BEA96AD-FC39-46DA-A1E5-08000C775959}.Release|Any CPU.ActiveCfg = Release|iPhone
		{6BEA96AD-FC39-46DA-A1E5-08000C775959}.Release|Any CPU.Build.0 = Release|iPhone
		{6BEA96AD-FC39-46DA-A1E5-08000C775959}.Release|Any CPU.Deploy.0 = Release|iPhone
		{6BEA96AD-FC39-46DA-A1E5-08000C775959}.Release|iPhone.ActiveCfg = Release|iPhone
		{6BEA96AD-FC39-46DA-A1E5-08000C775959}.Release|iPhone.Build.0 = Release|iPhone
		{6BEA96AD-FC39-46DA-A1E5-08000C775959}.Release|iPhone.Deploy.0 = Release|iPhone
		{6BEA96AD-FC39-46DA-A1E5-08000C775959}.Release|iPhoneSimulator.ActiveCfg = Release|iPhoneSimulator
		{6BEA96AD-FC39-46DA-A1E5-08000C775959}.Release|iPhoneSimulator.Build.0 = Release|iPhoneSimulator
		{6BEA96AD-FC39-46DA-A1E5-08000C775959}.Release|iPhoneSimulator.Deploy.0 = Release|iPhoneSimulator
		{62E08AA5-4A5D-4A6E-B1C8-61301054CB11}.Debug|Any CPU.ActiveCfg = Debug|Any CPU
		{62E08AA5-4A5D-4A6E-B1C8-61301054CB11}.Debug|Any CPU.Build.0 = Debug|Any CPU
		{62E08AA5-4A5D-4A6E-B1C8-61301054CB11}.Debug|Any CPU.Deploy.0 = Debug|Any CPU
		{62E08AA5-4A5D-4A6E-B1C8-61301054CB11}.Debug|iPhone.ActiveCfg = Debug|Any CPU
		{62E08AA5-4A5D-4A6E-B1C8-61301054CB11}.Debug|iPhone.Build.0 = Debug|Any CPU
		{62E08AA5-4A5D-4A6E-B1C8-61301054CB11}.Debug|iPhone.Deploy.0 = Debug|Any CPU
		{62E08AA5-4A5D-4A6E-B1C8-61301054CB11}.Debug|iPhoneSimulator.ActiveCfg = Debug|Any CPU
		{62E08AA5-4A5D-4A6E-B1C8-61301054CB11}.Debug|iPhoneSimulator.Build.0 = Debug|Any CPU
		{62E08AA5-4A5D-4A6E-B1C8-61301054CB11}.Debug|iPhoneSimulator.Deploy.0 = Debug|Any CPU
		{62E08AA5-4A5D-4A6E-B1C8-61301054CB11}.Release|Any CPU.ActiveCfg = Release|Any CPU
		{62E08AA5-4A5D-4A6E-B1C8-61301054CB11}.Release|Any CPU.Build.0 = Release|Any CPU
		{62E08AA5-4A5D-4A6E-B1C8-61301054CB11}.Release|Any CPU.Deploy.0 = Release|Any CPU
		{62E08AA5-4A5D-4A6E-B1C8-61301054CB11}.Release|iPhone.ActiveCfg = Release|Any CPU
		{62E08AA5-4A5D-4A6E-B1C8-61301054CB11}.Release|iPhone.Build.0 = Release|Any CPU
		{62E08AA5-4A5D-4A6E-B1C8-61301054CB11}.Release|iPhone.Deploy.0 = Release|Any CPU
		{62E08AA5-4A5D-4A6E-B1C8-61301054CB11}.Release|iPhoneSimulator.ActiveCfg = Release|Any CPU
		{62E08AA5-4A5D-4A6E-B1C8-61301054CB11}.Release|iPhoneSimulator.Build.0 = Release|Any CPU
		{62E08AA5-4A5D-4A6E-B1C8-61301054CB11}.Release|iPhoneSimulator.Deploy.0 = Release|Any CPU
	EndGlobalSection
	GlobalSection(SolutionProperties) = preSolution
		HideSolutionNode = FALSE
	EndGlobalSection
	GlobalSection(ExtensibilityGlobals) = postSolution
		SolutionGuid = {703CCD3A-AC40-439B-8C79-89F38F5EDF22}
	EndGlobalSection
EndGlobal
